
Microsoft Visual Studio Solution File, Format Version 12.00
# Visual Studio Version 16
VisualStudioVersion = 16.0.31410.357
MinimumVisualStudioVersion = 10.0.40219.1
Project("{FAE04EC0-301F-11D3-BF4B-00C04F79EFBC}") = "VaccineMatchingSystem", "VaccineMatchingSystem\VaccineMatchingSystem.csproj", "{A633A9BB-D0BD-4F91-A85B-9B4631D95DA8}"
EndProject
Project("{FAE04EC0-301F-11D3-BF4B-00C04F79EFBC}") = "VaccineMatchAuth", "VaccineMatchAuth\VaccineMatchAuth.csproj", "{F2A7DBB4-F87E-43CB-BAB6-5AD23E476BE8}"
EndProject
Project("{FAE04EC0-301F-11D3-BF4B-00C04F79EFBC}") = "VaccineMatchDBSource", "VaccineMatchDBSource\VaccineMatchDBSource.csproj", "{2F08997A-6297-47A1-AF49-D2420829A6A2}"
EndProject
Project("{FAE04EC0-301F-11D3-BF4B-00C04F79EFBC}") = "AlgorithmData", "AlgorithmData\AlgorithmData.csproj", "{F8216231-B525-4683-9D91-1AB5CB2BA3C2}"
EndProject
Project("{FAE04EC0-301F-11D3-BF4B-00C04F79EFBC}") = "DataFormatTransfer", "DataFormatTransfer\DataFormatTransfer.csproj", "{367E9576-5477-4318-85B7-0804B1B3F607}"
EndProject
Project("{FAE04EC0-301F-11D3-BF4B-00C04F79EFBC}") = "Data", "Data\Data.csproj", "{2AFDDE8E-BB19-45FD-9901-77D0AD22BFCB}"
EndProject
Global
	GlobalSection(SolutionConfigurationPlatforms) = preSolution
		Debug|Any CPU = Debug|Any CPU
		Release|Any CPU = Release|Any CPU
	EndGlobalSection
	GlobalSection(ProjectConfigurationPlatforms) = postSolution
		{A633A9BB-D0BD-4F91-A85B-9B4631D95DA8}.Debug|Any CPU.ActiveCfg = Debug|Any CPU
		{A633A9BB-D0BD-4F91-A85B-9B4631D95DA8}.Debug|Any CPU.Build.0 = Debug|Any CPU
		{A633A9BB-D0BD-4F91-A85B-9B4631D95DA8}.Release|Any CPU.ActiveCfg = Release|Any CPU
		{A633A9BB-D0BD-4F91-A85B-9B4631D95DA8}.Release|Any CPU.Build.0 = Release|Any CPU
		{F2A7DBB4-F87E-43CB-BAB6-5AD23E476BE8}.Debug|Any CPU.ActiveCfg = Debug|Any CPU
		{F2A7DBB4-F87E-43CB-BAB6-5AD23E476BE8}.Debug|Any CPU.Build.0 = Debug|Any CPU
		{F2A7DBB4-F87E-43CB-BAB6-5AD23E476BE8}.Release|Any CPU.ActiveCfg = Release|Any CPU
		{F2A7DBB4-F87E-43CB-BAB6-5AD23E476BE8}.Release|Any CPU.Build.0 = Release|Any CPU
		{2F08997A-6297-47A1-AF49-D2420829A6A2}.Debug|Any CPU.ActiveCfg = Debug|Any CPU
		{2F08997A-6297-47A1-AF49-D2420829A6A2}.Debug|Any CPU.Build.0 = Debug|Any CPU
		{2F08997A-6297-47A1-AF49-D2420829A6A2}.Release|Any CPU.ActiveCfg = Release|Any CPU
		{2F08997A-6297-47A1-AF49-D2420829A6A2}.Release|Any CPU.Build.0 = Release|Any CPU
		{F8216231-B525-4683-9D91-1AB5CB2BA3C2}.Debug|Any CPU.ActiveCfg = Debug|Any CPU
		{F8216231-B525-4683-9D91-1AB5CB2BA3C2}.Debug|Any CPU.Build.0 = Debug|Any CPU
		{F8216231-B525-4683-9D91-1AB5CB2BA3C2}.Release|Any CPU.ActiveCfg = Release|Any CPU
		{F8216231-B525-4683-9D91-1AB5CB2BA3C2}.Release|Any CPU.Build.0 = Release|Any CPU
		{367E9576-5477-4318-85B7-0804B1B3F607}.Debug|Any CPU.ActiveCfg = Debug|Any CPU
		{367E9576-5477-4318-85B7-0804B1B3F607}.Debug|Any CPU.Build.0 = Debug|Any CPU
		{367E9576-5477-4318-85B7-0804B1B3F607}.Release|Any CPU.ActiveCfg = Release|Any CPU
		{367E9576-5477-4318-85B7-0804B1B3F607}.Release|Any CPU.Build.0 = Release|Any CPU
		{2AFDDE8E-BB19-45FD-9901-77D0AD22BFCB}.Debug|Any CPU.ActiveCfg = Debug|Any CPU
		{2AFDDE8E-BB19-45FD-9901-77D0AD22BFCB}.Debug|Any CPU.Build.0 = Debug|Any CPU
		{2AFDDE8E-BB19-45FD-9901-77D0AD22BFCB}.Release|Any CPU.ActiveCfg = Release|Any CPU
		{2AFDDE8E-BB19-45FD-9901-77D0AD22BFCB}.Release|Any CPU.Build.0 = Release|Any CPU
	EndGlobalSection
	GlobalSection(SolutionProperties) = preSolution
		HideSolutionNode = FALSE
	EndGlobalSection
	GlobalSection(ExtensibilityGlobals) = postSolution
		SolutionGuid = {B4D769C4-E323-4E19-BF02-649CD5DF5A2A}
	EndGlobalSection
EndGlobal
